
Microsoft Visual Studio Solution File, Format Version 12.00
# Visual Studio Version 17
VisualStudioVersion = 17.2.32602.215
MinimumVisualStudioVersion = 10.0.40219.1
Project("{FAE04EC0-301F-11D3-BF4B-00C04F79EFBC}") = "P22CV", "P22CV\P22CV.csproj", "{DE4D102B-5C52-4636-B0A0-55ECC1C702E6}"
EndProject
Global
	GlobalSection(SolutionConfigurationPlatforms) = preSolution
		Debug|Any CPU = Debug|Any CPU
		Release|Any CPU = Release|Any CPU
	EndGlobalSection
	GlobalSection(ProjectConfigurationPlatforms) = postSolution
		{DE4D102B-5C52-4636-B0A0-55ECC1C702E6}.Debug|Any CPU.ActiveCfg = Debug|Any CPU
		{DE4D102B-5C52-4636-B0A0-55ECC1C702E6}.Debug|Any CPU.Build.0 = Debug|Any CPU
		{DE4D102B-5C52-4636-B0A0-55ECC1C702E6}.Release|Any CPU.ActiveCfg = Release|Any CPU
		{DE4D102B-5C52-4636-B0A0-55ECC1C702E6}.Release|Any CPU.Build.0 = Release|Any CPU
	EndGlobalSection
	GlobalSection(SolutionProperties) = preSolution
		HideSolutionNode = FALSE
	EndGlobalSection
	GlobalSection(ExtensibilityGlobals) = postSolution
		SolutionGuid = {8BC0CB61-8112-4ECC-8A2B-2126F853647D}
	EndGlobalSection
EndGlobal
